// !$*UTF8*$!
{
	archiveVersion = 1;
	classes = {
	};
	objectVersion = 48;
	objects = {

/* Begin PBXBuildFile section */
		1D102B454BA6CCF21C3EC7C6 /* Pods_MarvelTests.framework in Frameworks */ = {isa = PBXBuildFile; fileRef = 401460736221BD286DE965EC /* Pods_MarvelTests.framework */; };
		56D66999203A1FAF00610EDB /* ViewController.swift in Sources */ = {isa = PBXBuildFile; fileRef = 56D66998203A1FAF00610EDB /* ViewController.swift */; };
		56D6699C203A1FAF00610EDB /* Main.storyboard in Resources */ = {isa = PBXBuildFile; fileRef = 56D6699A203A1FAF00610EDB /* Main.storyboard */; };
		56D669AC203A1FAF00610EDB /* MarvelTests.swift in Sources */ = {isa = PBXBuildFile; fileRef = 56D669AB203A1FAF00610EDB /* MarvelTests.swift */; };
		56D82E4A203A298200A9A32C /* CredentialsProvider.swift in Sources */ = {isa = PBXBuildFile; fileRef = 56D82E49203A298200A9A32C /* CredentialsProvider.swift */; };
		56D82E4D203A29B200A9A32C /* DateProvider.swift in Sources */ = {isa = PBXBuildFile; fileRef = 56D82E4C203A29B200A9A32C /* DateProvider.swift */; };
		56D82E54203A2A6D00A9A32C /* CredentialsKeys.swift in Sources */ = {isa = PBXBuildFile; fileRef = 56D82E53203A2A6D00A9A32C /* CredentialsKeys.swift */; };
		56D82E56203A2AA600A9A32C /* Configurations.swift in Sources */ = {isa = PBXBuildFile; fileRef = 56D82E55203A2AA600A9A32C /* Configurations.swift */; };
		56D82E59203A2FC300A9A32C /* MarvelAPIRouter.swift in Sources */ = {isa = PBXBuildFile; fileRef = 56D82E58203A2FC300A9A32C /* MarvelAPIRouter.swift */; };
		6006C15A24283875FAA71BA4 /* Pods_Marvel.framework in Frameworks */ = {isa = PBXBuildFile; fileRef = 76BAD4D374CF9C9B09441D6B /* Pods_Marvel.framework */; };
		818CC1D64524D4360303425B /* Assets.xcassets in Resources */ = {isa = PBXBuildFile; fileRef = 818CC890C5341FF66EB278F2 /* Assets.xcassets */; };
		818CC5CCEF18A9275DAE78D4 /* AppDelegate.swift in Sources */ = {isa = PBXBuildFile; fileRef = 818CCB94E20C09CB94CC5C8F /* AppDelegate.swift */; };
		818CCFEEBA93233DC5D6BEF0 /* LaunchScreen.storyboard in Resources */ = {isa = PBXBuildFile; fileRef = 818CC68D7DD38293E8F82585 /* LaunchScreen.storyboard */; };
/* End PBXBuildFile section */

/* Begin PBXContainerItemProxy section */
		56D669A8203A1FAF00610EDB /* PBXContainerItemProxy */ = {
			isa = PBXContainerItemProxy;
			containerPortal = 56D6698B203A1FAF00610EDB /* Project object */;
			proxyType = 1;
			remoteGlobalIDString = 56D66992203A1FAF00610EDB;
			remoteInfo = Marvel;
		};
/* End PBXContainerItemProxy section */

/* Begin PBXFileReference section */
		241C3A02C4F9A16E8F3AC4ED /* Pods-Marvel.release.xcconfig */ = {isa = PBXFileReference; includeInIndex = 1; lastKnownFileType = text.xcconfig; name = "Pods-Marvel.release.xcconfig"; path = "Pods/Target Support Files/Pods-Marvel/Pods-Marvel.release.xcconfig"; sourceTree = "<group>"; };
		401460736221BD286DE965EC /* Pods_MarvelTests.framework */ = {isa = PBXFileReference; explicitFileType = wrapper.framework; includeInIndex = 0; path = Pods_MarvelTests.framework; sourceTree = BUILT_PRODUCTS_DIR; };
		56D66993203A1FAF00610EDB /* Marvel.app */ = {isa = PBXFileReference; explicitFileType = wrapper.application; includeInIndex = 0; path = Marvel.app; sourceTree = BUILT_PRODUCTS_DIR; };
		56D66998203A1FAF00610EDB /* ViewController.swift */ = {isa = PBXFileReference; lastKnownFileType = sourcecode.swift; path = ViewController.swift; sourceTree = "<group>"; };
		56D6699B203A1FAF00610EDB /* Base */ = {isa = PBXFileReference; lastKnownFileType = file.storyboard; name = Base; path = Base.lproj/Main.storyboard; sourceTree = "<group>"; };
		56D669A7203A1FAF00610EDB /* MarvelTests.xctest */ = {isa = PBXFileReference; explicitFileType = wrapper.cfbundle; includeInIndex = 0; path = MarvelTests.xctest; sourceTree = BUILT_PRODUCTS_DIR; };
		56D669AB203A1FAF00610EDB /* MarvelTests.swift */ = {isa = PBXFileReference; lastKnownFileType = sourcecode.swift; path = MarvelTests.swift; sourceTree = "<group>"; };
		56D669AD203A1FAF00610EDB /* Info.plist */ = {isa = PBXFileReference; lastKnownFileType = text.plist.xml; path = Info.plist; sourceTree = "<group>"; };
		56D82E49203A298200A9A32C /* CredentialsProvider.swift */ = {isa = PBXFileReference; lastKnownFileType = sourcecode.swift; path = CredentialsProvider.swift; sourceTree = "<group>"; };
		56D82E4C203A29B200A9A32C /* DateProvider.swift */ = {isa = PBXFileReference; lastKnownFileType = sourcecode.swift; path = DateProvider.swift; sourceTree = "<group>"; };
		56D82E4F203A2A0800A9A32C /* Marvel-Bridging-Header.h */ = {isa = PBXFileReference; lastKnownFileType = sourcecode.c.h; path = "Marvel-Bridging-Header.h"; sourceTree = "<group>"; };
		56D82E53203A2A6D00A9A32C /* CredentialsKeys.swift */ = {isa = PBXFileReference; lastKnownFileType = sourcecode.swift; path = CredentialsKeys.swift; sourceTree = "<group>"; };
		56D82E55203A2AA600A9A32C /* Configurations.swift */ = {isa = PBXFileReference; lastKnownFileType = sourcecode.swift; path = Configurations.swift; sourceTree = "<group>"; };
		56D82E58203A2FC300A9A32C /* MarvelAPIRouter.swift */ = {isa = PBXFileReference; lastKnownFileType = sourcecode.swift; path = MarvelAPIRouter.swift; sourceTree = "<group>"; };
		5ADAACE681CD602A995F9BC2 /* Pods-Marvel.debug.xcconfig */ = {isa = PBXFileReference; includeInIndex = 1; lastKnownFileType = text.xcconfig; name = "Pods-Marvel.debug.xcconfig"; path = "Pods/Target Support Files/Pods-Marvel/Pods-Marvel.debug.xcconfig"; sourceTree = "<group>"; };
		76BAD4D374CF9C9B09441D6B /* Pods_Marvel.framework */ = {isa = PBXFileReference; explicitFileType = wrapper.framework; includeInIndex = 0; path = Pods_Marvel.framework; sourceTree = BUILT_PRODUCTS_DIR; };
		818CC60C25F9C6F634E2EE9D /* Info.plist */ = {isa = PBXFileReference; fileEncoding = 4; lastKnownFileType = text.plist.info; path = Info.plist; sourceTree = "<group>"; };
		818CC890C5341FF66EB278F2 /* Assets.xcassets */ = {isa = PBXFileReference; lastKnownFileType = folder.assetcatalog; path = Assets.xcassets; sourceTree = "<group>"; };
		818CC9F2662899A5C7A0EFC7 /* Base */ = {isa = PBXFileReference; lastKnownFileType = file.storyboard; name = Base; path = Marvel/Base.lproj/LaunchScreen.storyboard; sourceTree = SOURCE_ROOT; };
		818CCB94E20C09CB94CC5C8F /* AppDelegate.swift */ = {isa = PBXFileReference; fileEncoding = 4; lastKnownFileType = sourcecode.swift; path = AppDelegate.swift; sourceTree = "<group>"; };
		DF786B7ADFFBB8C2338653D8 /* Pods-MarvelTests.debug.xcconfig */ = {isa = PBXFileReference; includeInIndex = 1; lastKnownFileType = text.xcconfig; name = "Pods-MarvelTests.debug.xcconfig"; path = "Pods/Target Support Files/Pods-MarvelTests/Pods-MarvelTests.debug.xcconfig"; sourceTree = "<group>"; };
		EBE131D20E78A733CFFF92F6 /* Pods-MarvelTests.release.xcconfig */ = {isa = PBXFileReference; includeInIndex = 1; lastKnownFileType = text.xcconfig; name = "Pods-MarvelTests.release.xcconfig"; path = "Pods/Target Support Files/Pods-MarvelTests/Pods-MarvelTests.release.xcconfig"; sourceTree = "<group>"; };
/* End PBXFileReference section */

/* Begin PBXFrameworksBuildPhase section */
		56D66990203A1FAF00610EDB /* Frameworks */ = {
			isa = PBXFrameworksBuildPhase;
			buildActionMask = 2147483647;
			files = (
				6006C15A24283875FAA71BA4 /* Pods_Marvel.framework in Frameworks */,
			);
			runOnlyForDeploymentPostprocessing = 0;
		};
		56D669A4203A1FAF00610EDB /* Frameworks */ = {
			isa = PBXFrameworksBuildPhase;
			buildActionMask = 2147483647;
			files = (
				1D102B454BA6CCF21C3EC7C6 /* Pods_MarvelTests.framework in Frameworks */,
			);
			runOnlyForDeploymentPostprocessing = 0;
		};
/* End PBXFrameworksBuildPhase section */

/* Begin PBXGroup section */
		56D6698A203A1FAF00610EDB = {
			isa = PBXGroup;
			children = (
				56D66995203A1FAF00610EDB /* Marvel */,
				56D669AA203A1FAF00610EDB /* MarvelTests */,
				56D66994203A1FAF00610EDB /* Products */,
				C3AB5F0C55CD9E8493582DE3 /* Pods */,
				C77CCCC6441C74861ED60627 /* Frameworks */,
			);
			sourceTree = "<group>";
		};
		56D66994203A1FAF00610EDB /* Products */ = {
			isa = PBXGroup;
			children = (
				56D66993203A1FAF00610EDB /* Marvel.app */,
				56D669A7203A1FAF00610EDB /* MarvelTests.xctest */,
			);
			name = Products;
			sourceTree = "<group>";
		};
		56D66995203A1FAF00610EDB /* Marvel */ = {
			isa = PBXGroup;
			children = (
				56D82E45203A262E00A9A32C /* Classes */,
				56D82E46203A264500A9A32C /* Resources */,
				56D82E47203A264F00A9A32C /* Supporting Files */,
				56D66998203A1FAF00610EDB /* ViewController.swift */,
				56D6699A203A1FAF00610EDB /* Main.storyboard */,
			);
			path = Marvel;
			sourceTree = "<group>";
		};
		56D669AA203A1FAF00610EDB /* MarvelTests */ = {
			isa = PBXGroup;
			children = (
				56D669AB203A1FAF00610EDB /* MarvelTests.swift */,
				56D669AD203A1FAF00610EDB /* Info.plist */,
			);
			path = MarvelTests;
			sourceTree = "<group>";
		};
		56D82E45203A262E00A9A32C /* Classes */ = {
			isa = PBXGroup;
			children = (
				818CC6239C0FE0E44276593F /* Application */,
				818CCF14361D6229870A7073 /* API */,
				818CC2F7923682464D2FEBCE /* Common */,
				818CC1857C22AC627E3B86E6 /* Data */,
			);
			path = Classes;
			sourceTree = "<group>";
		};
		56D82E46203A264500A9A32C /* Resources */ = {
			isa = PBXGroup;
			children = (
				818CC7793E84DFAD29007869 /* StubbedResponses */,
				818CC890C5341FF66EB278F2 /* Assets.xcassets */,
			);
			path = Resources;
			sourceTree = "<group>";
		};
		56D82E47203A264F00A9A32C /* Supporting Files */ = {
			isa = PBXGroup;
			children = (
				56D82E4F203A2A0800A9A32C /* Marvel-Bridging-Header.h */,
				818CC60C25F9C6F634E2EE9D /* Info.plist */,
				818CC68D7DD38293E8F82585 /* LaunchScreen.storyboard */,
			);
			path = "Supporting Files";
			sourceTree = "<group>";
		};
		56D82E48203A297900A9A32C /* CredentialsProvider */ = {
			isa = PBXGroup;
			children = (
				56D82E49203A298200A9A32C /* CredentialsProvider.swift */,
				56D82E53203A2A6D00A9A32C /* CredentialsKeys.swift */,
			);
			path = CredentialsProvider;
			sourceTree = "<group>";
		};
		56D82E4B203A29A400A9A32C /* DateProvider */ = {
			isa = PBXGroup;
			children = (
				56D82E4C203A29B200A9A32C /* DateProvider.swift */,
			);
			path = DateProvider;
			sourceTree = "<group>";
		};
		56D82E57203A2FB700A9A32C /* Networking */ = {
			isa = PBXGroup;
			children = (
				56D82E58203A2FC300A9A32C /* MarvelAPIRouter.swift */,
			);
			path = Networking;
			sourceTree = "<group>";
		};
		818CC1857C22AC627E3B86E6 /* Data */ = {
			isa = PBXGroup;
			children = (
			);
			path = Data;
			sourceTree = "<group>";
		};
		818CC2F7923682464D2FEBCE /* Common */ = {
			isa = PBXGroup;
			children = (
				56D82E4B203A29A400A9A32C /* DateProvider */,
			);
			path = Common;
			sourceTree = "<group>";
		};
		818CC6239C0FE0E44276593F /* Application */ = {
			isa = PBXGroup;
			children = (
				818CCB94E20C09CB94CC5C8F /* AppDelegate.swift */,
				56D82E55203A2AA600A9A32C /* Configurations.swift */,
			);
			path = Application;
			sourceTree = "<group>";
		};
		818CC7793E84DFAD29007869 /* StubbedResponses */ = {
			isa = PBXGroup;
			children = (
			);
			path = StubbedResponses;
			sourceTree = "<group>";
		};
		818CCF14361D6229870A7073 /* API */ = {
			isa = PBXGroup;
			children = (
				56D82E57203A2FB700A9A32C /* Networking */,
				56D82E48203A297900A9A32C /* CredentialsProvider */,
			);
			path = API;
			sourceTree = "<group>";
		};
		C3AB5F0C55CD9E8493582DE3 /* Pods */ = {
			isa = PBXGroup;
			children = (
				5ADAACE681CD602A995F9BC2 /* Pods-Marvel.debug.xcconfig */,
				241C3A02C4F9A16E8F3AC4ED /* Pods-Marvel.release.xcconfig */,
				DF786B7ADFFBB8C2338653D8 /* Pods-MarvelTests.debug.xcconfig */,
				EBE131D20E78A733CFFF92F6 /* Pods-MarvelTests.release.xcconfig */,
			);
			name = Pods;
			sourceTree = "<group>";
		};
		C77CCCC6441C74861ED60627 /* Frameworks */ = {
			isa = PBXGroup;
			children = (
				76BAD4D374CF9C9B09441D6B /* Pods_Marvel.framework */,
				401460736221BD286DE965EC /* Pods_MarvelTests.framework */,
			);
			name = Frameworks;
			sourceTree = "<group>";
		};
/* End PBXGroup section */

/* Begin PBXNativeTarget section */
		56D66992203A1FAF00610EDB /* Marvel */ = {
			isa = PBXNativeTarget;
			buildConfigurationList = 56D669B0203A1FAF00610EDB /* Build configuration list for PBXNativeTarget "Marvel" */;
			buildPhases = (
				E904087C932005F3A47CFC38 /* [CP] Check Pods Manifest.lock */,
				56D6698F203A1FAF00610EDB /* Sources */,
				56D66990203A1FAF00610EDB /* Frameworks */,
				56D66991203A1FAF00610EDB /* Resources */,
				32C21F96F2921DF37A6610D4 /* [CP] Embed Pods Frameworks */,
				552D55D70BDBEB215300C6D1 /* [CP] Copy Pods Resources */,
			);
			buildRules = (
			);
			dependencies = (
			);
			name = Marvel;
			productName = Marvel;
			productReference = 56D66993203A1FAF00610EDB /* Marvel.app */;
			productType = "com.apple.product-type.application";
		};
		56D669A6203A1FAF00610EDB /* MarvelTests */ = {
			isa = PBXNativeTarget;
			buildConfigurationList = 56D669B3203A1FAF00610EDB /* Build configuration list for PBXNativeTarget "MarvelTests" */;
			buildPhases = (
				2A9FE6E8EB276F770BC139FE /* [CP] Check Pods Manifest.lock */,
				56D669A3203A1FAF00610EDB /* Sources */,
				56D669A4203A1FAF00610EDB /* Frameworks */,
				56D669A5203A1FAF00610EDB /* Resources */,
				C5E6C2A0913FE98D3E3E7F91 /* [CP] Embed Pods Frameworks */,
				079EB8C6B7A646909BEB964A /* [CP] Copy Pods Resources */,
			);
			buildRules = (
			);
			dependencies = (
				56D669A9203A1FAF00610EDB /* PBXTargetDependency */,
			);
			name = MarvelTests;
			productName = MarvelTests;
			productReference = 56D669A7203A1FAF00610EDB /* MarvelTests.xctest */;
			productType = "com.apple.product-type.bundle.unit-test";
		};
/* End PBXNativeTarget section */

/* Begin PBXProject section */
		56D6698B203A1FAF00610EDB /* Project object */ = {
			isa = PBXProject;
			attributes = {
				LastSwiftUpdateCheck = 0920;
				LastUpgradeCheck = 0920;
				ORGANIZATIONNAME = PLF;
				TargetAttributes = {
					56D66992203A1FAF00610EDB = {
						CreatedOnToolsVersion = 9.2;
						LastSwiftMigration = 0920;
						ProvisioningStyle = Automatic;
					};
					56D669A6203A1FAF00610EDB = {
						CreatedOnToolsVersion = 9.2;
						ProvisioningStyle = Automatic;
						TestTargetID = 56D66992203A1FAF00610EDB;
					};
				};
			};
			buildConfigurationList = 56D6698E203A1FAF00610EDB /* Build configuration list for PBXProject "Marvel" */;
			compatibilityVersion = "Xcode 8.0";
			developmentRegion = en;
			hasScannedForEncodings = 0;
			knownRegions = (
				en,
				Base,
			);
			mainGroup = 56D6698A203A1FAF00610EDB;
			productRefGroup = 56D66994203A1FAF00610EDB /* Products */;
			projectDirPath = "";
			projectRoot = "";
			targets = (
				56D66992203A1FAF00610EDB /* Marvel */,
				56D669A6203A1FAF00610EDB /* MarvelTests */,
			);
		};
/* End PBXProject section */

/* Begin PBXResourcesBuildPhase section */
		56D66991203A1FAF00610EDB /* Resources */ = {
			isa = PBXResourcesBuildPhase;
			buildActionMask = 2147483647;
			files = (
				56D6699C203A1FAF00610EDB /* Main.storyboard in Resources */,
				818CC1D64524D4360303425B /* Assets.xcassets in Resources */,
				818CCFEEBA93233DC5D6BEF0 /* LaunchScreen.storyboard in Resources */,
			);
			runOnlyForDeploymentPostprocessing = 0;
		};
		56D669A5203A1FAF00610EDB /* Resources */ = {
			isa = PBXResourcesBuildPhase;
			buildActionMask = 2147483647;
			files = (
			);
			runOnlyForDeploymentPostprocessing = 0;
		};
/* End PBXResourcesBuildPhase section */

/* Begin PBXShellScriptBuildPhase section */
		079EB8C6B7A646909BEB964A /* [CP] Copy Pods Resources */ = {
			isa = PBXShellScriptBuildPhase;
			buildActionMask = 2147483647;
			files = (
			);
			inputPaths = (
			);
			name = "[CP] Copy Pods Resources";
			outputPaths = (
			);
			runOnlyForDeploymentPostprocessing = 0;
			shellPath = /bin/sh;
			shellScript = "\"${SRCROOT}/Pods/Target Support Files/Pods-MarvelTests/Pods-MarvelTests-resources.sh\"\n";
			showEnvVarsInLog = 0;
		};
		2A9FE6E8EB276F770BC139FE /* [CP] Check Pods Manifest.lock */ = {
			isa = PBXShellScriptBuildPhase;
			buildActionMask = 2147483647;
			files = (
			);
			inputPaths = (
				"${PODS_PODFILE_DIR_PATH}/Podfile.lock",
				"${PODS_ROOT}/Manifest.lock",
			);
			name = "[CP] Check Pods Manifest.lock";
			outputPaths = (
				"$(DERIVED_FILE_DIR)/Pods-MarvelTests-checkManifestLockResult.txt",
			);
			runOnlyForDeploymentPostprocessing = 0;
			shellPath = /bin/sh;
			shellScript = "diff \"${PODS_PODFILE_DIR_PATH}/Podfile.lock\" \"${PODS_ROOT}/Manifest.lock\" > /dev/null\nif [ $? != 0 ] ; then\n    # print error to STDERR\n    echo \"error: The sandbox is not in sync with the Podfile.lock. Run 'pod install' or update your CocoaPods installation.\" >&2\n    exit 1\nfi\n# This output is used by Xcode 'outputs' to avoid re-running this script phase.\necho \"SUCCESS\" > \"${SCRIPT_OUTPUT_FILE_0}\"\n";
			showEnvVarsInLog = 0;
		};
		32C21F96F2921DF37A6610D4 /* [CP] Embed Pods Frameworks */ = {
			isa = PBXShellScriptBuildPhase;
			buildActionMask = 2147483647;
			files = (
			);
			inputPaths = (
				"${SRCROOT}/Pods/Target Support Files/Pods-Marvel/Pods-Marvel-frameworks.sh",
				"${BUILT_PRODUCTS_DIR}/Alamofire/Alamofire.framework",
				"${BUILT_PRODUCTS_DIR}/Moya/Moya.framework",
				"${BUILT_PRODUCTS_DIR}/ObjectMapper/ObjectMapper.framework",
				"${BUILT_PRODUCTS_DIR}/ObjectMapper+Realm/ObjectMapper_Realm.framework",
				"${BUILT_PRODUCTS_DIR}/ReachabilitySwift/Reachability.framework",
				"${BUILT_PRODUCTS_DIR}/Realm/Realm.framework",
				"${BUILT_PRODUCTS_DIR}/RealmSwift/RealmSwift.framework",
				"${BUILT_PRODUCTS_DIR}/Result/Result.framework",
			);
			name = "[CP] Embed Pods Frameworks";
			outputPaths = (
				"${TARGET_BUILD_DIR}/${FRAMEWORKS_FOLDER_PATH}/Alamofire.framework",
				"${TARGET_BUILD_DIR}/${FRAMEWORKS_FOLDER_PATH}/Moya.framework",
				"${TARGET_BUILD_DIR}/${FRAMEWORKS_FOLDER_PATH}/ObjectMapper.framework",
				"${TARGET_BUILD_DIR}/${FRAMEWORKS_FOLDER_PATH}/ObjectMapper_Realm.framework",
				"${TARGET_BUILD_DIR}/${FRAMEWORKS_FOLDER_PATH}/Reachability.framework",
				"${TARGET_BUILD_DIR}/${FRAMEWORKS_FOLDER_PATH}/Realm.framework",
				"${TARGET_BUILD_DIR}/${FRAMEWORKS_FOLDER_PATH}/RealmSwift.framework",
				"${TARGET_BUILD_DIR}/${FRAMEWORKS_FOLDER_PATH}/Result.framework",
			);
			runOnlyForDeploymentPostprocessing = 0;
			shellPath = /bin/sh;
			shellScript = "\"${SRCROOT}/Pods/Target Support Files/Pods-Marvel/Pods-Marvel-frameworks.sh\"\n";
			showEnvVarsInLog = 0;
		};
		552D55D70BDBEB215300C6D1 /* [CP] Copy Pods Resources */ = {
			isa = PBXShellScriptBuildPhase;
			buildActionMask = 2147483647;
			files = (
			);
			inputPaths = (
			);
			name = "[CP] Copy Pods Resources";
			outputPaths = (
			);
			runOnlyForDeploymentPostprocessing = 0;
			shellPath = /bin/sh;
			shellScript = "\"${SRCROOT}/Pods/Target Support Files/Pods-Marvel/Pods-Marvel-resources.sh\"\n";
			showEnvVarsInLog = 0;
		};
		C5E6C2A0913FE98D3E3E7F91 /* [CP] Embed Pods Frameworks */ = {
			isa = PBXShellScriptBuildPhase;
			buildActionMask = 2147483647;
			files = (
			);
			inputPaths = (
				"${SRCROOT}/Pods/Target Support Files/Pods-MarvelTests/Pods-MarvelTests-frameworks.sh",
				"${BUILT_PRODUCTS_DIR}/Cuckoo/Cuckoo.framework",
				"${BUILT_PRODUCTS_DIR}/Nimble/Nimble.framework",
				"${BUILT_PRODUCTS_DIR}/Quick/Quick.framework",
			);
			name = "[CP] Embed Pods Frameworks";
			outputPaths = (
				"${TARGET_BUILD_DIR}/${FRAMEWORKS_FOLDER_PATH}/Cuckoo.framework",
				"${TARGET_BUILD_DIR}/${FRAMEWORKS_FOLDER_PATH}/Nimble.framework",
				"${TARGET_BUILD_DIR}/${FRAMEWORKS_FOLDER_PATH}/Quick.framework",
			);
			runOnlyForDeploymentPostprocessing = 0;
			shellPath = /bin/sh;
			shellScript = "\"${SRCROOT}/Pods/Target Support Files/Pods-MarvelTests/Pods-MarvelTests-frameworks.sh\"\n";
			showEnvVarsInLog = 0;
		};
		E904087C932005F3A47CFC38 /* [CP] Check Pods Manifest.lock */ = {
			isa = PBXShellScriptBuildPhase;
			buildActionMask = 2147483647;
			files = (
			);
			inputPaths = (
				"${PODS_PODFILE_DIR_PATH}/Podfile.lock",
				"${PODS_ROOT}/Manifest.lock",
			);
			name = "[CP] Check Pods Manifest.lock";
			outputPaths = (
				"$(DERIVED_FILE_DIR)/Pods-Marvel-checkManifestLockResult.txt",
			);
			runOnlyForDeploymentPostprocessing = 0;
			shellPath = /bin/sh;
			shellScript = "diff \"${PODS_PODFILE_DIR_PATH}/Podfile.lock\" \"${PODS_ROOT}/Manifest.lock\" > /dev/null\nif [ $? != 0 ] ; then\n    # print error to STDERR\n    echo \"error: The sandbox is not in sync with the Podfile.lock. Run 'pod install' or update your CocoaPods installation.\" >&2\n    exit 1\nfi\n# This output is used by Xcode 'outputs' to avoid re-running this script phase.\necho \"SUCCESS\" > \"${SCRIPT_OUTPUT_FILE_0}\"\n";
			showEnvVarsInLog = 0;
		};
/* End PBXShellScriptBuildPhase section */

/* Begin PBXSourcesBuildPhase section */
		56D6698F203A1FAF00610EDB /* Sources */ = {
			isa = PBXSourcesBuildPhase;
			buildActionMask = 2147483647;
			files = (
				56D66999203A1FAF00610EDB /* ViewController.swift in Sources */,
				56D82E4A203A298200A9A32C /* CredentialsProvider.swift in Sources */,
				56D82E56203A2AA600A9A32C /* Configurations.swift in Sources */,
				56D82E4D203A29B200A9A32C /* DateProvider.swift in Sources */,
				56D82E54203A2A6D00A9A32C /* CredentialsKeys.swift in Sources */,
				56D82E59203A2FC300A9A32C /* MarvelAPIRouter.swift in Sources */,
				818CC5CCEF18A9275DAE78D4 /* AppDelegate.swift in Sources */,
			);
			runOnlyForDeploymentPostprocessing = 0;
		};
		56D669A3203A1FAF00610EDB /* Sources */ = {
			isa = PBXSourcesBuildPhase;
			buildActionMask = 2147483647;
			files = (
				56D669AC203A1FAF00610EDB /* MarvelTests.swift in Sources */,
			);
			runOnlyForDeploymentPostprocessing = 0;
		};
/* End PBXSourcesBuildPhase section */

/* Begin PBXTargetDependency section */
		56D669A9203A1FAF00610EDB /* PBXTargetDependency */ = {
			isa = PBXTargetDependency;
			target = 56D66992203A1FAF00610EDB /* Marvel */;
			targetProxy = 56D669A8203A1FAF00610EDB /* PBXContainerItemProxy */;
		};
/* End PBXTargetDependency section */

/* Begin PBXVariantGroup section */
		56D6699A203A1FAF00610EDB /* Main.storyboard */ = {
			isa = PBXVariantGroup;
			children = (
				56D6699B203A1FAF00610EDB /* Base */,
			);
			name = Main.storyboard;
			sourceTree = "<group>";
		};
		818CC68D7DD38293E8F82585 /* LaunchScreen.storyboard */ = {
			isa = PBXVariantGroup;
			children = (
				818CC9F2662899A5C7A0EFC7 /* Base */,
			);
			name = LaunchScreen.storyboard;
			sourceTree = "<group>";
		};
/* End PBXVariantGroup section */

/* Begin XCBuildConfiguration section */
		56D669AE203A1FAF00610EDB /* Debug */ = {
			isa = XCBuildConfiguration;
			buildSettings = {
				ALWAYS_SEARCH_USER_PATHS = NO;
				CLANG_ANALYZER_NONNULL = YES;
				CLANG_ANALYZER_NUMBER_OBJECT_CONVERSION = YES_AGGRESSIVE;
				CLANG_CXX_LANGUAGE_STANDARD = "gnu++14";
				CLANG_CXX_LIBRARY = "libc++";
				CLANG_ENABLE_MODULES = YES;
				CLANG_ENABLE_OBJC_ARC = YES;
				CLANG_WARN_BLOCK_CAPTURE_AUTORELEASING = YES;
				CLANG_WARN_BOOL_CONVERSION = YES;
				CLANG_WARN_COMMA = YES;
				CLANG_WARN_CONSTANT_CONVERSION = YES;
				CLANG_WARN_DIRECT_OBJC_ISA_USAGE = YES_ERROR;
				CLANG_WARN_DOCUMENTATION_COMMENTS = YES;
				CLANG_WARN_EMPTY_BODY = YES;
				CLANG_WARN_ENUM_CONVERSION = YES;
				CLANG_WARN_INFINITE_RECURSION = YES;
				CLANG_WARN_INT_CONVERSION = YES;
				CLANG_WARN_NON_LITERAL_NULL_CONVERSION = YES;
				CLANG_WARN_OBJC_LITERAL_CONVERSION = YES;
				CLANG_WARN_OBJC_ROOT_CLASS = YES_ERROR;
				CLANG_WARN_RANGE_LOOP_ANALYSIS = YES;
				CLANG_WARN_STRICT_PROTOTYPES = YES;
				CLANG_WARN_SUSPICIOUS_MOVE = YES;
				CLANG_WARN_UNGUARDED_AVAILABILITY = YES_AGGRESSIVE;
				CLANG_WARN_UNREACHABLE_CODE = YES;
				CLANG_WARN__DUPLICATE_METHOD_MATCH = YES;
				CODE_SIGN_IDENTITY = "iPhone Developer";
				COPY_PHASE_STRIP = NO;
				DEBUG_INFORMATION_FORMAT = dwarf;
				ENABLE_STRICT_OBJC_MSGSEND = YES;
				ENABLE_TESTABILITY = YES;
				GCC_C_LANGUAGE_STANDARD = gnu11;
				GCC_DYNAMIC_NO_PIC = NO;
				GCC_NO_COMMON_BLOCKS = YES;
				GCC_OPTIMIZATION_LEVEL = 0;
				GCC_PREPROCESSOR_DEFINITIONS = (
					"DEBUG=1",
					"$(inherited)",
				);
				GCC_WARN_64_TO_32_BIT_CONVERSION = YES;
				GCC_WARN_ABOUT_RETURN_TYPE = YES_ERROR;
				GCC_WARN_UNDECLARED_SELECTOR = YES;
				GCC_WARN_UNINITIALIZED_AUTOS = YES_AGGRESSIVE;
				GCC_WARN_UNUSED_FUNCTION = YES;
				GCC_WARN_UNUSED_VARIABLE = YES;
				IPHONEOS_DEPLOYMENT_TARGET = 11.2;
				MTL_ENABLE_DEBUG_INFO = YES;
				ONLY_ACTIVE_ARCH = YES;
				SDKROOT = iphoneos;
				SWIFT_ACTIVE_COMPILATION_CONDITIONS = DEBUG;
				SWIFT_OPTIMIZATION_LEVEL = "-Onone";
			};
			name = Debug;
		};
		56D669AF203A1FAF00610EDB /* Release */ = {
			isa = XCBuildConfiguration;
			buildSettings = {
				ALWAYS_SEARCH_USER_PATHS = NO;
				CLANG_ANALYZER_NONNULL = YES;
				CLANG_ANALYZER_NUMBER_OBJECT_CONVERSION = YES_AGGRESSIVE;
				CLANG_CXX_LANGUAGE_STANDARD = "gnu++14";
				CLANG_CXX_LIBRARY = "libc++";
				CLANG_ENABLE_MODULES = YES;
				CLANG_ENABLE_OBJC_ARC = YES;
				CLANG_WARN_BLOCK_CAPTURE_AUTORELEASING = YES;
				CLANG_WARN_BOOL_CONVERSION = YES;
				CLANG_WARN_COMMA = YES;
				CLANG_WARN_CONSTANT_CONVERSION = YES;
				CLANG_WARN_DIRECT_OBJC_ISA_USAGE = YES_ERROR;
				CLANG_WARN_DOCUMENTATION_COMMENTS = YES;
				CLANG_WARN_EMPTY_BODY = YES;
				CLANG_WARN_ENUM_CONVERSION = YES;
				CLANG_WARN_INFINITE_RECURSION = YES;
				CLANG_WARN_INT_CONVERSION = YES;
				CLANG_WARN_NON_LITERAL_NULL_CONVERSION = YES;
				CLANG_WARN_OBJC_LITERAL_CONVERSION = YES;
				CLANG_WARN_OBJC_ROOT_CLASS = YES_ERROR;
				CLANG_WARN_RANGE_LOOP_ANALYSIS = YES;
				CLANG_WARN_STRICT_PROTOTYPES = YES;
				CLANG_WARN_SUSPICIOUS_MOVE = YES;
				CLANG_WARN_UNGUARDED_AVAILABILITY = YES_AGGRESSIVE;
				CLANG_WARN_UNREACHABLE_CODE = YES;
				CLANG_WARN__DUPLICATE_METHOD_MATCH = YES;
				CODE_SIGN_IDENTITY = "iPhone Developer";
				COPY_PHASE_STRIP = NO;
				DEBUG_INFORMATION_FORMAT = "dwarf-with-dsym";
				ENABLE_NS_ASSERTIONS = NO;
				ENABLE_STRICT_OBJC_MSGSEND = YES;
				GCC_C_LANGUAGE_STANDARD = gnu11;
				GCC_NO_COMMON_BLOCKS = YES;
				GCC_WARN_64_TO_32_BIT_CONVERSION = YES;
				GCC_WARN_ABOUT_RETURN_TYPE = YES_ERROR;
				GCC_WARN_UNDECLARED_SELECTOR = YES;
				GCC_WARN_UNINITIALIZED_AUTOS = YES_AGGRESSIVE;
				GCC_WARN_UNUSED_FUNCTION = YES;
				GCC_WARN_UNUSED_VARIABLE = YES;
				IPHONEOS_DEPLOYMENT_TARGET = 11.2;
				MTL_ENABLE_DEBUG_INFO = NO;
				SDKROOT = iphoneos;
				SWIFT_OPTIMIZATION_LEVEL = "-Owholemodule";
				VALIDATE_PRODUCT = YES;
			};
			name = Release;
		};
		56D669B1203A1FAF00610EDB /* Debug */ = {
			isa = XCBuildConfiguration;
			baseConfigurationReference = 5ADAACE681CD602A995F9BC2 /* Pods-Marvel.debug.xcconfig */;
			buildSettings = {
				ASSETCATALOG_COMPILER_APPICON_NAME = AppIcon;
				CLANG_ENABLE_MODULES = YES;
				CODE_SIGN_STYLE = Automatic;
				INFOPLIST_FILE = "Marvel/Supporting Files/Info.plist";
				LD_RUNPATH_SEARCH_PATHS = "$(inherited) @executable_path/Frameworks";
				PRODUCT_BUNDLE_IDENTIFIER = co.Marvel;
				PRODUCT_NAME = "$(TARGET_NAME)";
				SWIFT_OBJC_BRIDGING_HEADER = "Marvel/Supporting Files/Marvel-Bridging-Header.h";
				SWIFT_OPTIMIZATION_LEVEL = "-Onone";
				SWIFT_VERSION = 4.0;
				TARGETED_DEVICE_FAMILY = "1,2";
			};
			name = Debug;
		};
		56D669B2203A1FAF00610EDB /* Release */ = {
			isa = XCBuildConfiguration;
			baseConfigurationReference = 241C3A02C4F9A16E8F3AC4ED /* Pods-Marvel.release.xcconfig */;
			buildSettings = {
				ASSETCATALOG_COMPILER_APPICON_NAME = AppIcon;
				CLANG_ENABLE_MODULES = YES;
				CODE_SIGN_STYLE = Automatic;
				INFOPLIST_FILE = "Marvel/Supporting Files/Info.plist";
				LD_RUNPATH_SEARCH_PATHS = "$(inherited) @executable_path/Frameworks";
				PRODUCT_BUNDLE_IDENTIFIER = co.Marvel;
				PRODUCT_NAME = "$(TARGET_NAME)";
				SWIFT_OBJC_BRIDGING_HEADER = "Marvel/Supporting Files/Marvel-Bridging-Header.h";
				SWIFT_VERSION = 4.0;
				TARGETED_DEVICE_FAMILY = "1,2";
			};
			name = Release;
		};
		56D669B4203A1FAF00610EDB /* Debug */ = {
			isa = XCBuildConfiguration;
			baseConfigurationReference = DF786B7ADFFBB8C2338653D8 /* Pods-MarvelTests.debug.xcconfig */;
			buildSettings = {
				ALWAYS_EMBED_SWIFT_STANDARD_LIBRARIES = YES;
				BUNDLE_LOADER = "$(TEST_HOST)";
				CODE_SIGN_STYLE = Automatic;
				INFOPLIST_FILE = MarvelTests/Info.plist;
				LD_RUNPATH_SEARCH_PATHS = "$(inherited) @executable_path/Frameworks @loader_path/Frameworks";
				PRODUCT_BUNDLE_IDENTIFIER = co.MarvelTests;
				PRODUCT_NAME = "$(TARGET_NAME)";
				SWIFT_VERSION = 4.0;
				TARGETED_DEVICE_FAMILY = "1,2";
				TEST_HOST = "$(BUILT_PRODUCTS_DIR)/Marvel.app/Marvel";
			};
			name = Debug;
		};
		56D669B5203A1FAF00610EDB /* Release */ = {
			isa = XCBuildConfiguration;
			baseConfigurationReference = EBE131D20E78A733CFFF92F6 /* Pods-MarvelTests.release.xcconfig */;
			buildSettings = {
				ALWAYS_EMBED_SWIFT_STANDARD_LIBRARIES = YES;
				BUNDLE_LOADER = "$(TEST_HOST)";
				CODE_SIGN_STYLE = Automatic;
				INFOPLIST_FILE = MarvelTests/Info.plist;
				LD_RUNPATH_SEARCH_PATHS = "$(inherited) @executable_path/Frameworks @loader_path/Frameworks";
				PRODUCT_BUNDLE_IDENTIFIER = co.MarvelTests;
				PRODUCT_NAME = "$(TARGET_NAME)";
				SWIFT_VERSION = 4.0;
				TARGETED_DEVICE_FAMILY = "1,2";
				TEST_HOST = "$(BUILT_PRODUCTS_DIR)/Marvel.app/Marvel";
			};
			name = Release;
		};
/* End XCBuildConfiguration section */

/* Begin XCConfigurationList section */
		56D6698E203A1FAF00610EDB /* Build configuration list for PBXProject "Marvel" */ = {
			isa = XCConfigurationList;
			buildConfigurations = (
				56D669AE203A1FAF00610EDB /* Debug */,
				56D669AF203A1FAF00610EDB /* Release */,
			);
			defaultConfigurationIsVisible = 0;
			defaultConfigurationName = Release;
		};
		56D669B0203A1FAF00610EDB /* Build configuration list for PBXNativeTarget "Marvel" */ = {
			isa = XCConfigurationList;
			buildConfigurations = (
				56D669B1203A1FAF00610EDB /* Debug */,
				56D669B2203A1FAF00610EDB /* Release */,
			);
			defaultConfigurationIsVisible = 0;
			defaultConfigurationName = Release;
		};
		56D669B3203A1FAF00610EDB /* Build configuration list for PBXNativeTarget "MarvelTests" */ = {
			isa = XCConfigurationList;
			buildConfigurations = (
				56D669B4203A1FAF00610EDB /* Debug */,
				56D669B5203A1FAF00610EDB /* Release */,
			);
			defaultConfigurationIsVisible = 0;
			defaultConfigurationName = Release;
		};
/* End XCConfigurationList section */
	};
	rootObject = 56D6698B203A1FAF00610EDB /* Project object */;
}
